Microsoft Visual Studio Solution File, Format Version 11.00
# Visual Studio 2008

Project("{C57A6CEC-79EC-ED5E-E76A-61EA7DB40CA6}") = "SpellCasters!", "Assembly-CSharp.csproj", "{3B0B1AE7-A82D-DF58-773A-E3D8022C3FB0}"
EndProject
Global
	GlobalSection(SolutionConfigurationPlatforms) = preSolution
		Debug|Any CPU = Debug|Any CPU
		Release|Any CPU = Release|Any CPU
	EndGlobalSection
	GlobalSection(ProjectConfigurationPlatforms) = postSolution
		{3B0B1AE7-A82D-DF58-773A-E3D8022C3FB0}.Debug|Any CPU.ActiveCfg = Debug|Any CPU
		{3B0B1AE7-A82D-DF58-773A-E3D8022C3FB0}.Debug|Any CPU.Build.0 = Debug|Any CPU
		{3B0B1AE7-A82D-DF58-773A-E3D8022C3FB0}.Release|Any CPU.ActiveCfg = Release|Any CPU
		{3B0B1AE7-A82D-DF58-773A-E3D8022C3FB0}.Release|Any CPU.Build.0 = Release|Any CPU
	EndGlobalSection
	GlobalSection(SolutionProperties) = preSolution
		HideSolutionNode = FALSE
	EndGlobalSection
	GlobalSection(MonoDevelopProperties) = preSolution
		StartupItem = Assembly-CSharp.csproj
	EndGlobalSection
EndGlobal
